// !$*UTF8*$!
{
	archiveVersion = 1;
	classes = {
	};
	objectVersion = 46;
	objects = {

/* Begin PBXBuildFile section */
		8E1AF15B1D97173C00E9D354 /* AppDelegate.swift in Sources */ = {isa = PBXBuildFile; fileRef = 8E1AF15A1D97173C00E9D354 /* AppDelegate.swift */; };
		8E1AF15D1D97173C00E9D354 /* ViewController.swift in Sources */ = {isa = PBXBuildFile; fileRef = 8E1AF15C1D97173C00E9D354 /* ViewController.swift */; };
		8E1AF1601D97173C00E9D354 /* Main.storyboard in Resources */ = {isa = PBXBuildFile; fileRef = 8E1AF15E1D97173C00E9D354 /* Main.storyboard */; };
		8E1AF1621D97173C00E9D354 /* Assets.xcassets in Resources */ = {isa = PBXBuildFile; fileRef = 8E1AF1611D97173C00E9D354 /* Assets.xcassets */; };
		8E1AF1651D97173C00E9D354 /* LaunchScreen.storyboard in Resources */ = {isa = PBXBuildFile; fileRef = 8E1AF1631D97173C00E9D354 /* LaunchScreen.storyboard */; };
		8E1AF1701D97173D00E9D354 /* Almost_There_Tests.swift in Sources */ = {isa = PBXBuildFile; fileRef = 8E1AF16F1D97173D00E9D354 /* Almost_There_Tests.swift */; };
		8E1AF17B1D97173D00E9D354 /* Almost_There_UITests.swift in Sources */ = {isa = PBXBuildFile; fileRef = 8E1AF17A1D97173D00E9D354 /* Almost_There_UITests.swift */; };
/* End PBXBuildFile section */

/* Begin PBXContainerItemProxy section */
		8E1AF16C1D97173D00E9D354 /* PBXContainerItemProxy */ = {
			isa = PBXContainerItemProxy;
			containerPortal = 8E1AF14F1D97173C00E9D354 /* Project object */;
			proxyType = 1;
			remoteGlobalIDString = 8E1AF1561D97173C00E9D354;
			remoteInfo = "Almost There!";
		};
		8E1AF1771D97173D00E9D354 /* PBXContainerItemProxy */ = {
			isa = PBXContainerItemProxy;
			containerPortal = 8E1AF14F1D97173C00E9D354 /* Project object */;
			proxyType = 1;
			remoteGlobalIDString = 8E1AF1561D97173C00E9D354;
			remoteInfo = "Almost There!";
		};
/* End PBXContainerItemProxy section */

/* Begin PBXFileReference section */
		8E1AF1571D97173C00E9D354 /* Almost There!.app */ = {isa = PBXFileReference; explicitFileType = wrapper.application; includeInIndex = 0; path = "Almost There!.app"; sourceTree = BUILT_PRODUCTS_DIR; };
		8E1AF15A1D97173C00E9D354 /* AppDelegate.swift */ = {isa = PBXFileReference; lastKnownFileType = sourcecode.swift; path = AppDelegate.swift; sourceTree = "<group>"; };
		8E1AF15C1D97173C00E9D354 /* ViewController.swift */ = {isa = PBXFileReference; lastKnownFileType = sourcecode.swift; path = ViewController.swift; sourceTree = "<group>"; };
		8E1AF15F1D97173C00E9D354 /* Base */ = {isa = PBXFileReference; lastKnownFileType = file.storyboard; name = Base; path = Base.lproj/Main.storyboard; sourceTree = "<group>"; };
		8E1AF1611D97173C00E9D354 /* Assets.xcassets */ = {isa = PBXFileReference; lastKnownFileType = folder.assetcatalog; path = Assets.xcassets; sourceTree = "<group>"; };
		8E1AF1641D97173C00E9D354 /* Base */ = {isa = PBXFileReference; lastKnownFileType = file.storyboard; name = Base; path = Base.lproj/LaunchScreen.storyboard; sourceTree = "<group>"; };
		8E1AF1661D97173C00E9D354 /* Info.plist */ = {isa = PBXFileReference; lastKnownFileType = text.plist.xml; path = Info.plist; sourceTree = "<group>"; };
		8E1AF16B1D97173D00E9D354 /* Almost There!Tests.xctest */ = {isa = PBXFileReference; explicitFileType = wrapper.cfbundle; includeInIndex = 0; path = "Almost There!Tests.xctest"; sourceTree = BUILT_PRODUCTS_DIR; };
		8E1AF16F1D97173D00E9D354 /* Almost_There_Tests.swift */ = {isa = PBXFileReference; lastKnownFileType = sourcecode.swift; path = Almost_There_Tests.swift; sourceTree = "<group>"; };
		8E1AF1711D97173D00E9D354 /* Info.plist */ = {isa = PBXFileReference; lastKnownFileType = text.plist.xml; path = Info.plist; sourceTree = "<group>"; };
		8E1AF1761D97173D00E9D354 /* Almost There!UITests.xctest */ = {isa = PBXFileReference; explicitFileType = wrapper.cfbundle; includeInIndex = 0; path = "Almost There!UITests.xctest"; sourceTree = BUILT_PRODUCTS_DIR; };
		8E1AF17A1D97173D00E9D354 /* Almost_There_UITests.swift */ = {isa = PBXFileReference; lastKnownFileType = sourcecode.swift; path = Almost_There_UITests.swift; sourceTree = "<group>"; };
		8E1AF17C1D97173D00E9D354 /* Info.plist */ = {isa = PBXFileReference; lastKnownFileType = text.plist.xml; path = Info.plist; sourceTree = "<group>"; };
/* End PBXFileReference section */

/* Begin PBXFrameworksBuildPhase section */
		8E1AF1541D97173C00E9D354 /* Frameworks */ = {
			isa = PBXFrameworksBuildPhase;
			buildActionMask = 2147483647;
			files = (
			);
			runOnlyForDeploymentPostprocessing = 0;
		};
		8E1AF1681D97173D00E9D354 /* Frameworks */ = {
			isa = PBXFrameworksBuildPhase;
			buildActionMask = 2147483647;
			files = (
			);
			runOnlyForDeploymentPostprocessing = 0;
		};
		8E1AF1731D97173D00E9D354 /* Frameworks */ = {
			isa = PBXFrameworksBuildPhase;
			buildActionMask = 2147483647;
			files = (
			);
			runOnlyForDeploymentPostprocessing = 0;
		};
/* End PBXFrameworksBuildPhase section */

/* Begin PBXGroup section */
		8E1AF14E1D97173C00E9D354 = {
			isa = PBXGroup;
			children = (
				8E1AF1591D97173C00E9D354 /* Almost There! */,
				8E1AF16E1D97173D00E9D354 /* Almost There!Tests */,
				8E1AF1791D97173D00E9D354 /* Almost There!UITests */,
				8E1AF1581D97173C00E9D354 /* Products */,
			);
			sourceTree = "<group>";
		};
		8E1AF1581D97173C00E9D354 /* Products */ = {
			isa = PBXGroup;
			children = (
				8E1AF1571D97173C00E9D354 /* Almost There!.app */,
				8E1AF16B1D97173D00E9D354 /* Almost There!Tests.xctest */,
				8E1AF1761D97173D00E9D354 /* Almost There!UITests.xctest */,
			);
			name = Products;
			sourceTree = "<group>";
		};
		8E1AF1591D97173C00E9D354 /* Almost There! */ = {
			isa = PBXGroup;
			children = (
				8E1AF15A1D97173C00E9D354 /* AppDelegate.swift */,
				8E1AF15C1D97173C00E9D354 /* ViewController.swift */,
				8E1AF15E1D97173C00E9D354 /* Main.storyboard */,
				8E1AF1611D97173C00E9D354 /* Assets.xcassets */,
				8E1AF1631D97173C00E9D354 /* LaunchScreen.storyboard */,
				8E1AF1661D97173C00E9D354 /* Info.plist */,
			);
			path = "Almost There!";
			sourceTree = "<group>";
		};
		8E1AF16E1D97173D00E9D354 /* Almost There!Tests */ = {
			isa = PBXGroup;
			children = (
				8E1AF16F1D97173D00E9D354 /* Almost_There_Tests.swift */,
				8E1AF1711D97173D00E9D354 /* Info.plist */,
			);
			path = "Almost There!Tests";
			sourceTree = "<group>";
		};
		8E1AF1791D97173D00E9D354 /* Almost There!UITests */ = {
			isa = PBXGroup;
			children = (
				8E1AF17A1D97173D00E9D354 /* Almost_There_UITests.swift */,
				8E1AF17C1D97173D00E9D354 /* Info.plist */,
			);
			path = "Almost There!UITests";
			sourceTree = "<group>";
		};
/* End PBXGroup section */

/* Begin PBXNativeTarget section */
		8E1AF1561D97173C00E9D354 /* Almost There! */ = {
			isa = PBXNativeTarget;
			buildConfigurationList = 8E1AF17F1D97173D00E9D354 /* Build configuration list for PBXNativeTarget "Almost There!" */;
			buildPhases = (
				8E1AF1531D97173C00E9D354 /* Sources */,
				8E1AF1541D97173C00E9D354 /* Frameworks */,
				8E1AF1551D97173C00E9D354 /* Resources */,
			);
			buildRules = (
			);
			dependencies = (
			);
			name = "Almost There!";
			productName = "Almost There!";
			productReference = 8E1AF1571D97173C00E9D354 /* Almost There!.app */;
			productType = "com.apple.product-type.application";
		};
		8E1AF16A1D97173D00E9D354 /* Almost There!Tests */ = {
			isa = PBXNativeTarget;
			buildConfigurationList = 8E1AF1821D97173D00E9D354 /* Build configuration list for PBXNativeTarget "Almost There!Tests" */;
			buildPhases = (
				8E1AF1671D97173D00E9D354 /* Sources */,
				8E1AF1681D97173D00E9D354 /* Frameworks */,
				8E1AF1691D97173D00E9D354 /* Resources */,
			);
			buildRules = (
			);
			dependencies = (
				8E1AF16D1D97173D00E9D354 /* PBXTargetDependency */,
			);
			name = "Almost There!Tests";
			productName = "Almost There!Tests";
			productReference = 8E1AF16B1D97173D00E9D354 /* Almost There!Tests.xctest */;
			productType = "com.apple.product-type.bundle.unit-test";
		};
		8E1AF1751D97173D00E9D354 /* Almost There!UITests */ = {
			isa = PBXNativeTarget;
			buildConfigurationList = 8E1AF1851D97173D00E9D354 /* Build configuration list for PBXNativeTarget "Almost There!UITests" */;
			buildPhases = (
				8E1AF1721D97173D00E9D354 /* Sources */,
				8E1AF1731D97173D00E9D354 /* Frameworks */,
				8E1AF1741D97173D00E9D354 /* Resources */,
			);
			buildRules = (
			);
			dependencies = (
				8E1AF1781D97173D00E9D354 /* PBXTargetDependency */,
			);
			name = "Almost There!UITests";
			productName = "Almost There!UITests";
			productReference = 8E1AF1761D97173D00E9D354 /* Almost There!UITests.xctest */;
			productType = "com.apple.product-type.bundle.ui-testing";
		};
/* End PBXNativeTarget section */

/* Begin PBXProject section */
		8E1AF14F1D97173C00E9D354 /* Project object */ = {
			isa = PBXProject;
			attributes = {
				LastSwiftUpdateCheck = 0730;
				LastUpgradeCheck = 0730;
				ORGANIZATIONNAME = "Noah Hashmi";
				TargetAttributes = {
					8E1AF1561D97173C00E9D354 = {
						CreatedOnToolsVersion = 7.3.1;
					};
					8E1AF16A1D97173D00E9D354 = {
						CreatedOnToolsVersion = 7.3.1;
						TestTargetID = 8E1AF1561D97173C00E9D354;
					};
					8E1AF1751D97173D00E9D354 = {
						CreatedOnToolsVersion = 7.3.1;
						TestTargetID = 8E1AF1561D97173C00E9D354;
					};
				};
			};
			buildConfigurationList = 8E1AF1521D97173C00E9D354 /* Build configuration list for PBXProject "Almost There!" */;
			compatibilityVersion = "Xcode 3.2";
			developmentRegion = English;
			hasScannedForEncodings = 0;
			knownRegions = (
				en,
				Base,
			);
			mainGroup = 8E1AF14E1D97173C00E9D354;
			productRefGroup = 8E1AF1581D97173C00E9D354 /* Products */;
			projectDirPath = "";
			projectRoot = "";
			targets = (
				8E1AF1561D97173C00E9D354 /* Almost There! */,
				8E1AF16A1D97173D00E9D354 /* Almost There!Tests */,
				8E1AF1751D97173D00E9D354 /* Almost There!UITests */,
			);
		};
/* End PBXProject section */

/* Begin PBXResourcesBuildPhase section */
		8E1AF1551D97173C00E9D354 /* Resources */ = {
			isa = PBXResourcesBuildPhase;
			buildActionMask = 2147483647;
			files = (
				8E1AF1651D97173C00E9D354 /* LaunchScreen.storyboard in Resources */,
				8E1AF1621D97173C00E9D354 /* Assets.xcassets in Resources */,
				8E1AF1601D97173C00E9D354 /* Main.storyboard in Resources */,
			);
			runOnlyForDeploymentPostprocessing = 0;
		};
		8E1AF1691D97173D00E9D354 /* Resources */ = {
			isa = PBXResourcesBuildPhase;
			buildActionMask = 2147483647;
			files = (
			);
			runOnlyForDeploymentPostprocessing = 0;
		};
		8E1AF1741D97173D00E9D354 /* Resources */ = {
			isa = PBXResourcesBuildPhase;
			buildActionMask = 2147483647;
			files = (
			);
			runOnlyForDeploymentPostprocessing = 0;
		};
/* End PBXResourcesBuildPhase section */

/* Begin PBXSourcesBuildPhase section */
		8E1AF1531D97173C00E9D354 /* Sources */ = {
			isa = PBXSourcesBuildPhase;
			buildActionMask = 2147483647;
			files = (
				8E1AF15D1D97173C00E9D354 /* ViewController.swift in Sources */,
				8E1AF15B1D97173C00E9D354 /* AppDelegate.swift in Sources */,
			);
			runOnlyForDeploymentPostprocessing = 0;
		};
		8E1AF1671D97173D00E9D354 /* Sources */ = {
			isa = PBXSourcesBuildPhase;
			buildActionMask = 2147483647;
			files = (
				8E1AF1701D97173D00E9D354 /* Almost_There_Tests.swift in Sources */,
			);
			runOnlyForDeploymentPostprocessing = 0;
		};
		8E1AF1721D97173D00E9D354 /* Sources */ = {
			isa = PBXSourcesBuildPhase;
			buildActionMask = 2147483647;
			files = (
				8E1AF17B1D97173D00E9D354 /* Almost_There_UITests.swift in Sources */,
			);
			runOnlyForDeploymentPostprocessing = 0;
		};
/* End PBXSourcesBuildPhase section */

/* Begin PBXTargetDependency section */
		8E1AF16D1D97173D00E9D354 /* PBXTargetDependency */ = {
			isa = PBXTargetDependency;
			target = 8E1AF1561D97173C00E9D354 /* Almost There! */;
			targetProxy = 8E1AF16C1D97173D00E9D354 /* PBXContainerItemProxy */;
		};
		8E1AF1781D97173D00E9D354 /* PBXTargetDependency */ = {
			isa = PBXTargetDependency;
			target = 8E1AF1561D97173C00E9D354 /* Almost There! */;
			targetProxy = 8E1AF1771D97173D00E9D354 /* PBXContainerItemProxy */;
		};
/* End PBXTargetDependency section */

/* Begin PBXVariantGroup section */
		8E1AF15E1D97173C00E9D354 /* Main.storyboard */ = {
			isa = PBXVariantGroup;
			children = (
				8E1AF15F1D97173C00E9D354 /* Base */,
			);
			name = Main.storyboard;
			sourceTree = "<group>";
		};
		8E1AF1631D97173C00E9D354 /* LaunchScreen.storyboard */ = {
			isa = PBXVariantGroup;
			children = (
				8E1AF1641D97173C00E9D354 /* Base */,
			);
			name = LaunchScreen.storyboard;
			sourceTree = "<group>";
		};
/* End PBXVariantGroup section */

/* Begin XCBuildConfiguration section */
		8E1AF17D1D97173D00E9D354 /* Debug */ = {
			isa = XCBuildConfiguration;
			buildSettings = {
				ALWAYS_SEARCH_USER_PATHS = NO;
				CLANG_ANALYZER_NONNULL = YES;
				CLANG_CXX_LANGUAGE_STANDARD = "gnu++0x";
				CLANG_CXX_LIBRARY = "libc++";
				CLANG_ENABLE_MODULES = YES;
				CLANG_ENABLE_OBJC_ARC = YES;
				CLANG_WARN_BOOL_CONVERSION = YES;
				CLANG_WARN_CONSTANT_CONVERSION = YES;
				CLANG_WARN_DIRECT_OBJC_ISA_USAGE = YES_ERROR;
				CLANG_WARN_EMPTY_BODY = YES;
				CLANG_WARN_ENUM_CONVERSION = YES;
				CLANG_WARN_INT_CONVERSION = YES;
				CLANG_WARN_OBJC_ROOT_CLASS = YES_ERROR;
				CLANG_WARN_UNREACHABLE_CODE = YES;
				CLANG_WARN__DUPLICATE_METHOD_MATCH = YES;
				"CODE_SIGN_IDENTITY[sdk=iphoneos*]" = "iPhone Developer";
				COPY_PHASE_STRIP = NO;
				DEBUG_INFORMATION_FORMAT = dwarf;
				ENABLE_STRICT_OBJC_MSGSEND = YES;
				ENABLE_TESTABILITY = YES;
				GCC_C_LANGUAGE_STANDARD = gnu99;
				GCC_DYNAMIC_NO_PIC = NO;
				GCC_NO_COMMON_BLOCKS = YES;
				GCC_OPTIMIZATION_LEVEL = 0;
				GCC_PREPROCESSOR_DEFINITIONS = (
					"DEBUG=1",
					"$(inherited)",
				);
				GCC_WARN_64_TO_32_BIT_CONVERSION = YES;
				GCC_WARN_ABOUT_RETURN_TYPE = YES_ERROR;
				GCC_WARN_UNDECLARED_SELECTOR = YES;
				GCC_WARN_UNINITIALIZED_AUTOS = YES_AGGRESSIVE;
				GCC_WARN_UNUSED_FUNCTION = YES;
				GCC_WARN_UNUSED_VARIABLE = YES;
				IPHONEOS_DEPLOYMENT_TARGET = 9.3;
				MTL_ENABLE_DEBUG_INFO = YES;
				ONLY_ACTIVE_ARCH = YES;
				SDKROOT = iphoneos;
				SWIFT_OPTIMIZATION_LEVEL = "-Onone";
				TARGETED_DEVICE_FAMILY = "1,2";
			};
			name = Debug;
		};
		8E1AF17E1D97173D00E9D354 /* Release */ = {
			isa = XCBuildConfiguration;
			buildSettings = {
				ALWAYS_SEARCH_USER_PATHS = NO;
				CLANG_ANALYZER_NONNULL = YES;
				CLANG_CXX_LANGUAGE_STANDARD = "gnu++0x";
				CLANG_CXX_LIBRARY = "libc++";
				CLANG_ENABLE_MODULES = YES;
				CLANG_ENABLE_OBJC_ARC = YES;
				CLANG_WARN_BOOL_CONVERSION = YES;
				CLANG_WARN_CONSTANT_CONVERSION = YES;
				CLANG_WARN_DIRECT_OBJC_ISA_USAGE = YES_ERROR;
				CLANG_WARN_EMPTY_BODY = YES;
				CLANG_WARN_ENUM_CONVERSION = YES;
				CLANG_WARN_INT_CONVERSION = YES;
				CLANG_WARN_OBJC_ROOT_CLASS = YES_ERROR;
				CLANG_WARN_UNREACHABLE_CODE = YES;
				CLANG_WARN__DUPLICATE_METHOD_MATCH = YES;
				"CODE_SIGN_IDENTITY[sdk=iphoneos*]" = "iPhone Developer";
				COPY_PHASE_STRIP = NO;
				DEBUG_INFORMATION_FORMAT = "dwarf-with-dsym";
				ENABLE_NS_ASSERTIONS = NO;
				ENABLE_STRICT_OBJC_MSGSEND = YES;
				GCC_C_LANGUAGE_STANDARD = gnu99;
				GCC_NO_COMMON_BLOCKS = YES;
				GCC_WARN_64_TO_32_BIT_CONVERSION = YES;
				GCC_WARN_ABOUT_RETURN_TYPE = YES_ERROR;
				GCC_WARN_UNDECLARED_SELECTOR = YES;
				GCC_WARN_UNINITIALIZED_AUTOS = YES_AGGRESSIVE;
				GCC_WARN_UNUSED_FUNCTION = YES;
				GCC_WARN_UNUSED_VARIABLE = YES;
				IPHONEOS_DEPLOYMENT_TARGET = 9.3;
				MTL_ENABLE_DEBUG_INFO = NO;
				SDKROOT = iphoneos;
				TARGETED_DEVICE_FAMILY = "1,2";
				VALIDATE_PRODUCT = YES;
			};
			name = Release;
		};
		8E1AF1801D97173D00E9D354 /* Debug */ = {
			isa = XCBuildConfiguration;
			buildSettings = {
				ASSETCATALOG_COMPILER_APPICON_NAME = AppIcon;
				INFOPLIST_FILE = "Almost There!/Info.plist";
				LD_RUNPATH_SEARCH_PATHS = "$(inherited) @executable_path/Frameworks";
				PRODUCT_BUNDLE_IDENTIFIER = "hackdartmouth.Almost-There-";
				PRODUCT_NAME = "$(TARGET_NAME)";
			};
			name = Debug;
		};
		8E1AF1811D97173D00E9D354 /* Release */ = {
			isa = XCBuildConfiguration;
			buildSettings = {
				ASSETCATALOG_COMPILER_APPICON_NAME = AppIcon;
				INFOPLIST_FILE = "Almost There!/Info.plist";
				LD_RUNPATH_SEARCH_PATHS = "$(inherited) @executable_path/Frameworks";
				PRODUCT_BUNDLE_IDENTIFIER = "hackdartmouth.Almost-There-";
				PRODUCT_NAME = "$(TARGET_NAME)";
			};
			name = Release;
		};
		8E1AF1831D97173D00E9D354 /* Debug */ = {
			isa = XCBuildConfiguration;
			buildSettings = {
				BUNDLE_LOADER = "$(TEST_HOST)";
				INFOPLIST_FILE = "Almost There!Tests/Info.plist";
				LD_RUNPATH_SEARCH_PATHS = "$(inherited) @executable_path/Frameworks @loader_path/Frameworks";
				PRODUCT_BUNDLE_IDENTIFIER = "hackdartmouth.Almost-There-Tests";
				PRODUCT_NAME = "$(TARGET_NAME)";
				TEST_HOST = "$(BUILT_PRODUCTS_DIR)/Almost There!.app/Almost There!";
			};
			name = Debug;
		};
		8E1AF1841D97173D00E9D354 /* Release */ = {
			isa = XCBuildConfiguration;
			buildSettings = {
				BUNDLE_LOADER = "$(TEST_HOST)";
				INFOPLIST_FILE = "Almost There!Tests/Info.plist";
				LD_RUNPATH_SEARCH_PATHS = "$(inherited) @executable_path/Frameworks @loader_path/Frameworks";
				PRODUCT_BUNDLE_IDENTIFIER = "hackdartmouth.Almost-There-Tests";
				PRODUCT_NAME = "$(TARGET_NAME)";
				TEST_HOST = "$(BUILT_PRODUCTS_DIR)/Almost There!.app/Almost There!";
			};
			name = Release;
		};
		8E1AF1861D97173D00E9D354 /* Debug */ = {
			isa = XCBuildConfiguration;
			buildSettings = {
				INFOPLIST_FILE = "Almost There!UITests/Info.plist";
				LD_RUNPATH_SEARCH_PATHS = "$(inherited) @executable_path/Frameworks @loader_path/Frameworks";
				PRODUCT_BUNDLE_IDENTIFIER = "hackdartmouth.Almost-There-UITests";
				PRODUCT_NAME = "$(TARGET_NAME)";
				TEST_TARGET_NAME = "Almost There!";
			};
			name = Debug;
		};
		8E1AF1871D97173D00E9D354 /* Release */ = {
			isa = XCBuildConfiguration;
			buildSettings = {
				INFOPLIST_FILE = "Almost There!UITests/Info.plist";
				LD_RUNPATH_SEARCH_PATHS = "$(inherited) @executable_path/Frameworks @loader_path/Frameworks";
				PRODUCT_BUNDLE_IDENTIFIER = "hackdartmouth.Almost-There-UITests";
				PRODUCT_NAME = "$(TARGET_NAME)";
				TEST_TARGET_NAME = "Almost There!";
			};
			name = Release;
		};
/* End XCBuildConfiguration section */

/* Begin XCConfigurationList section */
		8E1AF1521D97173C00E9D354 /* Build configuration list for PBXProject "Almost There!" */ = {
			isa = XCConfigurationList;
			buildConfigurations = (
				8E1AF17D1D97173D00E9D354 /* Debug */,
				8E1AF17E1D97173D00E9D354 /* Release */,
			);
			defaultConfigurationIsVisible = 0;
			defaultConfigurationName = Release;
		};
		8E1AF17F1D97173D00E9D354 /* Build configuration list for PBXNativeTarget "Almost There!" */ = {
			isa = XCConfigurationList;
			buildConfigurations = (
				8E1AF1801D97173D00E9D354 /* Debug */,
				8E1AF1811D97173D00E9D354 /* Release */,
			);
			defaultConfigurationIsVisible = 0;
		};
		8E1AF1821D97173D00E9D354 /* Build configuration list for PBXNativeTarget "Almost There!Tests" */ = {
			isa = XCConfigurationList;
			buildConfigurations = (
				8E1AF1831D97173D00E9D354 /* Debug */,
				8E1AF1841D97173D00E9D354 /* Release */,
			);
			defaultConfigurationIsVisible = 0;
		};
		8E1AF1851D97173D00E9D354 /* Build configuration list for PBXNativeTarget "Almost There!UITests" */ = {
			isa = XCConfigurationList;
			buildConfigurations = (
				8E1AF1861D97173D00E9D354 /* Debug */,
				8E1AF1871D97173D00E9D354 /* Release */,
			);
			defaultConfigurationIsVisible = 0;
		};
/* End XCConfigurationList section */
	};
	rootObject = 8E1AF14F1D97173C00E9D354 /* Project object */;
}
